
Microsoft Visual Studio Solution File, Format Version 12.00
# Visual Studio Version 17
VisualStudioVersion = 17.9.34728.123
MinimumVisualStudioVersion = 10.0.40219.1
Project("{9A19103F-16F7-4668-BE54-9A1E7A4F7556}") = "Library", "Library\Library.csproj", "{58FE890C-BE40-4274-A0B0-CC41B970A829}"
EndProject
Global
	GlobalSection(SolutionConfigurationPlatforms) = preSolution
		Debug|Any CPU = Debug|Any CPU
		Release|Any CPU = Release|Any CPU
	EndGlobalSection
	GlobalSection(ProjectConfigurationPlatforms) = postSolution
		{58FE890C-BE40-4274-A0B0-CC41B970A829}.Debug|Any CPU.ActiveCfg = Debug|Any CPU
		{58FE890C-BE40-4274-A0B0-CC41B970A829}.Debug|Any CPU.Build.0 = Debug|Any CPU
		{58FE890C-BE40-4274-A0B0-CC41B970A829}.Release|Any CPU.ActiveCfg = Release|Any CPU
		{58FE890C-BE40-4274-A0B0-CC41B970A829}.Release|Any CPU.Build.0 = Release|Any CPU
	EndGlobalSection
	GlobalSection(SolutionProperties) = preSolution
		HideSolutionNode = FALSE
	EndGlobalSection
	GlobalSection(ExtensibilityGlobals) = postSolution
		SolutionGuid = {AD2EFA35-0985-44E2-94F4-E65D434B4863}
	EndGlobalSection
EndGlobal
